{
  "requires": true,
  "lockfileVersion": 1,
  "dependencies": {
    "@types/cannon": {
      "version": "0.1.8",
      "resolved": "https://registry.npmjs.org/@types/cannon/-/cannon-0.1.8.tgz",
      "integrity": "sha512-aabgPL9ho1Qov3mMnBJCTG+vTWhFrhRi/5INwsZCPhf3BwabRWz53ryffCDzRSlV4T0f4eQS0OQo5Y/RCZsngQ=="
    },
    "@types/three": {
      "version": "0.149.0",
      "resolved": "https://registry.npmmirror.com/@types/three/-/three-0.149.0.tgz",
      "integrity": "sha512-fgNBm9LWc65ER/W0cvoXdC0iMy7Ke9e2CONmEr6Jt8sDSY3sw4DgOubZfmdZ747dkPhbQrgRQAWwDEr2S/7IEg==",
      "requires": {
        "@types/webxr": "*"
      }
    },
    "@types/webxr": {
      "version": "0.5.1",
      "resolved": "https://registry.npmmirror.com/@types/webxr/-/webxr-0.5.1.tgz",
      "integrity": "sha512-xlFXPfgJR5vIuDefhaHuUM9uUgvPaXB6GKdXy2gdEh8gBWQZ2ul24AJz3foUd8NNKlSTQuWYJpCb1/pL81m1KQ=="
    }
  }
}
